
Microsoft Visual Studio Solution File, Format Version 12.00
# Visual Studio Version 17
VisualStudioVersion = 17.13.35828.75
MinimumVisualStudioVersion = 10.0.40219.1
Project("{FAE04EC0-301F-11D3-BF4B-00C04F79EFBC}") = "homework_11.cs", "homework_11.cs.csproj", "{5246B3A2-F442-4437-A7AA-622BAAC49B39}"
EndProject
Project("{FAE04EC0-301F-11D3-BF4B-00C04F79EFBC}") = "TestProject1", "..\TestProject1\TestProject1.csproj", "{F70D1F8E-7CD8-484B-B5D6-F28BE501C237}"
EndProject
Global
	GlobalSection(SolutionConfigurationPlatforms) = preSolution
		Debug|Any CPU = Debug|Any CPU
		Release|Any CPU = Release|Any CPU
	EndGlobalSection
	GlobalSection(ProjectConfigurationPlatforms) = postSolution
		{5246B3A2-F442-4437-A7AA-622BAAC49B39}.Debug|Any CPU.ActiveCfg = Debug|Any CPU
		{5246B3A2-F442-4437-A7AA-622BAAC49B39}.Debug|Any CPU.Build.0 = Debug|Any CPU
		{5246B3A2-F442-4437-A7AA-622BAAC49B39}.Release|Any CPU.ActiveCfg = Release|Any CPU
		{5246B3A2-F442-4437-A7AA-622BAAC49B39}.Release|Any CPU.Build.0 = Release|Any CPU
		{F70D1F8E-7CD8-484B-B5D6-F28BE501C237}.Debug|Any CPU.ActiveCfg = Debug|Any CPU
		{F70D1F8E-7CD8-484B-B5D6-F28BE501C237}.Debug|Any CPU.Build.0 = Debug|Any CPU
		{F70D1F8E-7CD8-484B-B5D6-F28BE501C237}.Release|Any CPU.ActiveCfg = Release|Any CPU
		{F70D1F8E-7CD8-484B-B5D6-F28BE501C237}.Release|Any CPU.Build.0 = Release|Any CPU
	EndGlobalSection
	GlobalSection(SolutionProperties) = preSolution
		HideSolutionNode = FALSE
	EndGlobalSection
	GlobalSection(ExtensibilityGlobals) = postSolution
		SolutionGuid = {A21FF519-7FA6-4A9B-A988-D32ACA6799EA}
	EndGlobalSection
EndGlobal
