
Microsoft Visual Studio Solution File, Format Version 12.00
# Visual Studio Version 17
VisualStudioVersion = 17.13.35828.75 d17.13
MinimumVisualStudioVersion = 10.0.40219.1
Project("{FAE04EC0-301F-11D3-BF4B-00C04F79EFBC}") = "homework_10.cs", "homework_10.cs.csproj", "{09130735-DE68-4DC0-819D-9EA904CC0A97}"
EndProject
Global
	GlobalSection(SolutionConfigurationPlatforms) = preSolution
		Debug|Any CPU = Debug|Any CPU
		Release|Any CPU = Release|Any CPU
	EndGlobalSection
	GlobalSection(ProjectConfigurationPlatforms) = postSolution
		{09130735-DE68-4DC0-819D-9EA904CC0A97}.Debug|Any CPU.ActiveCfg = Debug|Any CPU
		{09130735-DE68-4DC0-819D-9EA904CC0A97}.Debug|Any CPU.Build.0 = Debug|Any CPU
		{09130735-DE68-4DC0-819D-9EA904CC0A97}.Release|Any CPU.ActiveCfg = Release|Any CPU
		{09130735-DE68-4DC0-819D-9EA904CC0A97}.Release|Any CPU.Build.0 = Release|Any CPU
	EndGlobalSection
	GlobalSection(SolutionProperties) = preSolution
		HideSolutionNode = FALSE
	EndGlobalSection
	GlobalSection(ExtensibilityGlobals) = postSolution
		SolutionGuid = {29DCB720-42F8-479E-B60A-6C7219226932}
	EndGlobalSection
EndGlobal
