
Microsoft Visual Studio Solution File, Format Version 12.00
# Visual Studio Version 17
VisualStudioVersion = 17.13.35919.96 d17.13
MinimumVisualStudioVersion = 10.0.40219.1
Project("{FAE04EC0-301F-11D3-BF4B-00C04F79EFBC}") = "homework_12.cs", "homework_12.cs.csproj", "{8D2D7298-6D3D-4399-95A9-08EFCC4E3827}"
EndProject
Global
	GlobalSection(SolutionConfigurationPlatforms) = preSolution
		Debug|Any CPU = Debug|Any CPU
		Release|Any CPU = Release|Any CPU
	EndGlobalSection
	GlobalSection(ProjectConfigurationPlatforms) = postSolution
		{8D2D7298-6D3D-4399-95A9-08EFCC4E3827}.Debug|Any CPU.ActiveCfg = Debug|Any CPU
		{8D2D7298-6D3D-4399-95A9-08EFCC4E3827}.Debug|Any CPU.Build.0 = Debug|Any CPU
		{8D2D7298-6D3D-4399-95A9-08EFCC4E3827}.Release|Any CPU.ActiveCfg = Release|Any CPU
		{8D2D7298-6D3D-4399-95A9-08EFCC4E3827}.Release|Any CPU.Build.0 = Release|Any CPU
	EndGlobalSection
	GlobalSection(SolutionProperties) = preSolution
		HideSolutionNode = FALSE
	EndGlobalSection
	GlobalSection(ExtensibilityGlobals) = postSolution
		SolutionGuid = {C99A09A1-A649-4362-9A21-06C6F273EA4B}
	EndGlobalSection
EndGlobal
